
Microsoft Visual Studio Solution File, Format Version 12.00
# Visual Studio Version 17
VisualStudioVersion = 17.7.34018.315
MinimumVisualStudioVersion = 10.0.40219.1
Project("{9A19103F-16F7-4668-BE54-9A1E7A4F7556}") = "VerifyNullableObject", "VerifyNullableObject\VerifyNullableObject.csproj", "{A41B9ADB-2C23-4E6A-BCCC-F21104FB9399}"
EndProject
Project("{9A19103F-16F7-4668-BE54-9A1E7A4F7556}") = "UserAPI", "UserAPI\UserAPI.csproj", "{3AC47B83-0519-48A7-BE05-9417B34251F5}"
EndProject
Project("{9A19103F-16F7-4668-BE54-9A1E7A4F7556}") = "ProductAPI", "ProductAPI\ProductAPI.csproj", "{FA20D256-683A-475F-8CF1-0FB80CE8AABA}"
EndProject
Project("{9A19103F-16F7-4668-BE54-9A1E7A4F7556}") = "PaymentAPI", "PaymentAPI\PaymentAPI.csproj", "{5F10E01C-DBE6-42FA-B46D-A26A1617F130}"
EndProject
Project("{9A19103F-16F7-4668-BE54-9A1E7A4F7556}") = "InventoryAPI", "InventoryAPI\InventoryAPI.csproj", "{CF3E0F73-C1F1-4FBB-9827-9A4096E0EB0F}"
EndProject
Project("{9A19103F-16F7-4668-BE54-9A1E7A4F7556}") = "PromotionAPI", "PromotionAPI\PromotionAPI.csproj", "{A284F9FA-FB05-4DF1-9D09-56CCBE0E78AB}"
EndProject
Project("{9A19103F-16F7-4668-BE54-9A1E7A4F7556}") = "OrderAPI", "OrderAPI\OrderAPI.csproj", "{D73C50E8-50E5-4B67-A2AF-39250DBE131A}"
EndProject
Global
	GlobalSection(SolutionConfigurationPlatforms) = preSolution
		Debug|Any CPU = Debug|Any CPU
		Release|Any CPU = Release|Any CPU
	EndGlobalSection
	GlobalSection(ProjectConfigurationPlatforms) = postSolution
		{A41B9ADB-2C23-4E6A-BCCC-F21104FB9399}.Debug|Any CPU.ActiveCfg = Debug|Any CPU
		{A41B9ADB-2C23-4E6A-BCCC-F21104FB9399}.Debug|Any CPU.Build.0 = Debug|Any CPU
		{A41B9ADB-2C23-4E6A-BCCC-F21104FB9399}.Release|Any CPU.ActiveCfg = Release|Any CPU
		{A41B9ADB-2C23-4E6A-BCCC-F21104FB9399}.Release|Any CPU.Build.0 = Release|Any CPU
		{3AC47B83-0519-48A7-BE05-9417B34251F5}.Debug|Any CPU.ActiveCfg = Debug|Any CPU
		{3AC47B83-0519-48A7-BE05-9417B34251F5}.Debug|Any CPU.Build.0 = Debug|Any CPU
		{3AC47B83-0519-48A7-BE05-9417B34251F5}.Release|Any CPU.ActiveCfg = Release|Any CPU
		{3AC47B83-0519-48A7-BE05-9417B34251F5}.Release|Any CPU.Build.0 = Release|Any CPU
		{FA20D256-683A-475F-8CF1-0FB80CE8AABA}.Debug|Any CPU.ActiveCfg = Debug|Any CPU
		{FA20D256-683A-475F-8CF1-0FB80CE8AABA}.Debug|Any CPU.Build.0 = Debug|Any CPU
		{FA20D256-683A-475F-8CF1-0FB80CE8AABA}.Release|Any CPU.ActiveCfg = Release|Any CPU
		{FA20D256-683A-475F-8CF1-0FB80CE8AABA}.Release|Any CPU.Build.0 = Release|Any CPU
		{5F10E01C-DBE6-42FA-B46D-A26A1617F130}.Debug|Any CPU.ActiveCfg = Debug|Any CPU
		{5F10E01C-DBE6-42FA-B46D-A26A1617F130}.Debug|Any CPU.Build.0 = Debug|Any CPU
		{5F10E01C-DBE6-42FA-B46D-A26A1617F130}.Release|Any CPU.ActiveCfg = Release|Any CPU
		{5F10E01C-DBE6-42FA-B46D-A26A1617F130}.Release|Any CPU.Build.0 = Release|Any CPU
		{CF3E0F73-C1F1-4FBB-9827-9A4096E0EB0F}.Debug|Any CPU.ActiveCfg = Debug|Any CPU
		{CF3E0F73-C1F1-4FBB-9827-9A4096E0EB0F}.Debug|Any CPU.Build.0 = Debug|Any CPU
		{CF3E0F73-C1F1-4FBB-9827-9A4096E0EB0F}.Release|Any CPU.ActiveCfg = Release|Any CPU
		{CF3E0F73-C1F1-4FBB-9827-9A4096E0EB0F}.Release|Any CPU.Build.0 = Release|Any CPU
		{A284F9FA-FB05-4DF1-9D09-56CCBE0E78AB}.Debug|Any CPU.ActiveCfg = Debug|Any CPU
		{A284F9FA-FB05-4DF1-9D09-56CCBE0E78AB}.Debug|Any CPU.Build.0 = Debug|Any CPU
		{A284F9FA-FB05-4DF1-9D09-56CCBE0E78AB}.Release|Any CPU.ActiveCfg = Release|Any CPU
		{A284F9FA-FB05-4DF1-9D09-56CCBE0E78AB}.Release|Any CPU.Build.0 = Release|Any CPU
		{D73C50E8-50E5-4B67-A2AF-39250DBE131A}.Debug|Any CPU.ActiveCfg = Debug|Any CPU
		{D73C50E8-50E5-4B67-A2AF-39250DBE131A}.Debug|Any CPU.Build.0 = Debug|Any CPU
		{D73C50E8-50E5-4B67-A2AF-39250DBE131A}.Release|Any CPU.ActiveCfg = Release|Any CPU
		{D73C50E8-50E5-4B67-A2AF-39250DBE131A}.Release|Any CPU.Build.0 = Release|Any CPU
	EndGlobalSection
	GlobalSection(SolutionProperties) = preSolution
		HideSolutionNode = FALSE
	EndGlobalSection
	GlobalSection(ExtensibilityGlobals) = postSolution
		SolutionGuid = {1E0EEE60-E99B-450D-9D18-2742009A7EA5}
	EndGlobalSection
EndGlobal
